// !$*UTF8*$!
{
	archiveVersion = 1;
	classes = {
	};
	objectVersion = 46;
	objects = {

/* Begin PBXBuildFile section */
		C91951881A25003B00EF8408 /* AppDelegate.swift in Sources */ = {isa = PBXBuildFile; fileRef = C91951871A25003B00EF8408 /* AppDelegate.swift */; };
		C919518A1A25003B00EF8408 /* ViewController.swift in Sources */ = {isa = PBXBuildFile; fileRef = C91951891A25003B00EF8408 /* ViewController.swift */; };
		C919518D1A25003B00EF8408 /* Main.storyboard in Resources */ = {isa = PBXBuildFile; fileRef = C919518B1A25003B00EF8408 /* Main.storyboard */; };
		C919518F1A25003B00EF8408 /* Images.xcassets in Resources */ = {isa = PBXBuildFile; fileRef = C919518E1A25003B00EF8408 /* Images.xcassets */; };
		C91951921A25003B00EF8408 /* LaunchScreen.xib in Resources */ = {isa = PBXBuildFile; fileRef = C91951901A25003B00EF8408 /* LaunchScreen.xib */; };
		C919519E1A25003B00EF8408 /* LemonStandTests.swift in Sources */ = {isa = PBXBuildFile; fileRef = C919519D1A25003B00EF8408 /* LemonStandTests.swift */; };
		C91951A81A278D8D00EF8408 /* Booth.swift in Sources */ = {isa = PBXBuildFile; fileRef = C91951A71A278D8D00EF8408 /* Booth.swift */; };
		C91951AA1A2792ED00EF8408 /* Customer.swift in Sources */ = {isa = PBXBuildFile; fileRef = C91951A91A2792ED00EF8408 /* Customer.swift */; };
/* End PBXBuildFile section */

/* Begin PBXContainerItemProxy section */
		C91951981A25003B00EF8408 /* PBXContainerItemProxy */ = {
			isa = PBXContainerItemProxy;
			containerPortal = C919517A1A25003B00EF8408 /* Project object */;
			proxyType = 1;
			remoteGlobalIDString = C91951811A25003B00EF8408;
			remoteInfo = LemonStand;
		};
/* End PBXContainerItemProxy section */

/* Begin PBXFileReference section */
		C91951821A25003B00EF8408 /* LemonStand.app */ = {isa = PBXFileReference; explicitFileType = wrapper.application; includeInIndex = 0; path = LemonStand.app; sourceTree = BUILT_PRODUCTS_DIR; };
		C91951861A25003B00EF8408 /* Info.plist */ = {isa = PBXFileReference; lastKnownFileType = text.plist.xml; path = Info.plist; sourceTree = "<group>"; };
		C91951871A25003B00EF8408 /* AppDelegate.swift */ = {isa = PBXFileReference; lastKnownFileType = sourcecode.swift; path = AppDelegate.swift; sourceTree = "<group>"; };
		C91951891A25003B00EF8408 /* ViewController.swift */ = {isa = PBXFileReference; lastKnownFileType = sourcecode.swift; path = ViewController.swift; sourceTree = "<group>"; };
		C919518C1A25003B00EF8408 /* Base */ = {isa = PBXFileReference; lastKnownFileType = file.storyboard; name = Base; path = Base.lproj/Main.storyboard; sourceTree = "<group>"; };
		C919518E1A25003B00EF8408 /* Images.xcassets */ = {isa = PBXFileReference; lastKnownFileType = folder.assetcatalog; path = Images.xcassets; sourceTree = "<group>"; };
		C91951911A25003B00EF8408 /* Base */ = {isa = PBXFileReference; lastKnownFileType = file.xib; name = Base; path = Base.lproj/LaunchScreen.xib; sourceTree = "<group>"; };
		C91951971A25003B00EF8408 /* LemonStandTests.xctest */ = {isa = PBXFileReference; explicitFileType = wrapper.cfbundle; includeInIndex = 0; path = LemonStandTests.xctest; sourceTree = BUILT_PRODUCTS_DIR; };
		C919519C1A25003B00EF8408 /* Info.plist */ = {isa = PBXFileReference; lastKnownFileType = text.plist.xml; path = Info.plist; sourceTree = "<group>"; };
		C919519D1A25003B00EF8408 /* LemonStandTests.swift */ = {isa = PBXFileReference; lastKnownFileType = sourcecode.swift; path = LemonStandTests.swift; sourceTree = "<group>"; };
		C91951A71A278D8D00EF8408 /* Booth.swift */ = {isa = PBXFileReference; fileEncoding = 4; lastKnownFileType = sourcecode.swift; path = Booth.swift; sourceTree = "<group>"; };
		C91951A91A2792ED00EF8408 /* Customer.swift */ = {isa = PBXFileReference; fileEncoding = 4; lastKnownFileType = sourcecode.swift; path = Customer.swift; sourceTree = "<group>"; };
/* End PBXFileReference section */

/* Begin PBXFrameworksBuildPhase section */
		C919517F1A25003B00EF8408 /* Frameworks */ = {
			isa = PBXFrameworksBuildPhase;
			buildActionMask = 2147483647;
			files = (
			);
			runOnlyForDeploymentPostprocessing = 0;
		};
		C91951941A25003B00EF8408 /* Frameworks */ = {
			isa = PBXFrameworksBuildPhase;
			buildActionMask = 2147483647;
			files = (
			);
			runOnlyForDeploymentPostprocessing = 0;
		};
/* End PBXFrameworksBuildPhase section */

/* Begin PBXGroup section */
		C91951791A25003B00EF8408 = {
			isa = PBXGroup;
			children = (
				C91951841A25003B00EF8408 /* LemonStand */,
				C919519A1A25003B00EF8408 /* LemonStandTests */,
				C91951831A25003B00EF8408 /* Products */,
			);
			sourceTree = "<group>";
		};
		C91951831A25003B00EF8408 /* Products */ = {
			isa = PBXGroup;
			children = (
				C91951821A25003B00EF8408 /* LemonStand.app */,
				C91951971A25003B00EF8408 /* LemonStandTests.xctest */,
			);
			name = Products;
			sourceTree = "<group>";
		};
		C91951841A25003B00EF8408 /* LemonStand */ = {
			isa = PBXGroup;
			children = (
				C91951871A25003B00EF8408 /* AppDelegate.swift */,
				C91951891A25003B00EF8408 /* ViewController.swift */,
				C91951A71A278D8D00EF8408 /* Booth.swift */,
				C91951A91A2792ED00EF8408 /* Customer.swift */,
				C919518B1A25003B00EF8408 /* Main.storyboard */,
				C919518E1A25003B00EF8408 /* Images.xcassets */,
				C91951901A25003B00EF8408 /* LaunchScreen.xib */,
				C91951851A25003B00EF8408 /* Supporting Files */,
			);
			path = LemonStand;
			sourceTree = "<group>";
		};
		C91951851A25003B00EF8408 /* Supporting Files */ = {
			isa = PBXGroup;
			children = (
				C91951861A25003B00EF8408 /* Info.plist */,
			);
			name = "Supporting Files";
			sourceTree = "<group>";
		};
		C919519A1A25003B00EF8408 /* LemonStandTests */ = {
			isa = PBXGroup;
			children = (
				C919519D1A25003B00EF8408 /* LemonStandTests.swift */,
				C919519B1A25003B00EF8408 /* Supporting Files */,
			);
			path = LemonStandTests;
			sourceTree = "<group>";
		};
		C919519B1A25003B00EF8408 /* Supporting Files */ = {
			isa = PBXGroup;
			children = (
				C919519C1A25003B00EF8408 /* Info.plist */,
			);
			name = "Supporting Files";
			sourceTree = "<group>";
		};
/* End PBXGroup section */

/* Begin PBXNativeTarget section */
		C91951811A25003B00EF8408 /* LemonStand */ = {
			isa = PBXNativeTarget;
			buildConfigurationList = C91951A11A25003B00EF8408 /* Build configuration list for PBXNativeTarget "LemonStand" */;
			buildPhases = (
				C919517E1A25003B00EF8408 /* Sources */,
				C919517F1A25003B00EF8408 /* Frameworks */,
				C91951801A25003B00EF8408 /* Resources */,
			);
			buildRules = (
			);
			dependencies = (
			);
			name = LemonStand;
			productName = LemonStand;
			productReference = C91951821A25003B00EF8408 /* LemonStand.app */;
			productType = "com.apple.product-type.application";
		};
		C91951961A25003B00EF8408 /* LemonStandTests */ = {
			isa = PBXNativeTarget;
			buildConfigurationList = C91951A41A25003B00EF8408 /* Build configuration list for PBXNativeTarget "LemonStandTests" */;
			buildPhases = (
				C91951931A25003B00EF8408 /* Sources */,
				C91951941A25003B00EF8408 /* Frameworks */,
				C91951951A25003B00EF8408 /* Resources */,
			);
			buildRules = (
			);
			dependencies = (
				C91951991A25003B00EF8408 /* PBXTargetDependency */,
			);
			name = LemonStandTests;
			productName = LemonStandTests;
			productReference = C91951971A25003B00EF8408 /* LemonStandTests.xctest */;
			productType = "com.apple.product-type.bundle.unit-test";
		};
/* End PBXNativeTarget section */

/* Begin PBXProject section */
		C919517A1A25003B00EF8408 /* Project object */ = {
			isa = PBXProject;
			attributes = {
				LastUpgradeCheck = 0610;
				ORGANIZATIONNAME = "Robin Somlette";
				TargetAttributes = {
					C91951811A25003B00EF8408 = {
						CreatedOnToolsVersion = 6.1;
					};
					C91951961A25003B00EF8408 = {
						CreatedOnToolsVersion = 6.1;
						TestTargetID = C91951811A25003B00EF8408;
					};
				};
			};
			buildConfigurationList = C919517D1A25003B00EF8408 /* Build configuration list for PBXProject "LemonStand" */;
			compatibilityVersion = "Xcode 3.2";
			developmentRegion = English;
			hasScannedForEncodings = 0;
			knownRegions = (
				en,
				Base,
			);
			mainGroup = C91951791A25003B00EF8408;
			productRefGroup = C91951831A25003B00EF8408 /* Products */;
			projectDirPath = "";
			projectRoot = "";
			targets = (
				C91951811A25003B00EF8408 /* LemonStand */,
				C91951961A25003B00EF8408 /* LemonStandTests */,
			);
		};
/* End PBXProject section */

/* Begin PBXResourcesBuildPhase section */
		C91951801A25003B00EF8408 /* Resources */ = {
			isa = PBXResourcesBuildPhase;
			buildActionMask = 2147483647;
			files = (
				C919518D1A25003B00EF8408 /* Main.storyboard in Resources */,
				C91951921A25003B00EF8408 /* LaunchScreen.xib in Resources */,
				C919518F1A25003B00EF8408 /* Images.xcassets in Resources */,
			);
			runOnlyForDeploymentPostprocessing = 0;
		};
		C91951951A25003B00EF8408 /* Resources */ = {
			isa = PBXResourcesBuildPhase;
			buildActionMask = 2147483647;
			files = (
			);
			runOnlyForDeploymentPostprocessing = 0;
		};
/* End PBXResourcesBuildPhase section */

/* Begin PBXSourcesBuildPhase section */
		C919517E1A25003B00EF8408 /* Sources */ = {
			isa = PBXSourcesBuildPhase;
			buildActionMask = 2147483647;
			files = (
				C91951A81A278D8D00EF8408 /* Booth.swift in Sources */,
				C919518A1A25003B00EF8408 /* ViewController.swift in Sources */,
				C91951881A25003B00EF8408 /* AppDelegate.swift in Sources */,
				C91951AA1A2792ED00EF8408 /* Customer.swift in Sources */,
			);
			runOnlyForDeploymentPostprocessing = 0;
		};
		C91951931A25003B00EF8408 /* Sources */ = {
			isa = PBXSourcesBuildPhase;
			buildActionMask = 2147483647;
			files = (
				C919519E1A25003B00EF8408 /* LemonStandTests.swift in Sources */,
			);
			runOnlyForDeploymentPostprocessing = 0;
		};
/* End PBXSourcesBuildPhase section */

/* Begin PBXTargetDependency section */
		C91951991A25003B00EF8408 /* PBXTargetDependency */ = {
			isa = PBXTargetDependency;
			target = C91951811A25003B00EF8408 /* LemonStand */;
			targetProxy = C91951981A25003B00EF8408 /* PBXContainerItemProxy */;
		};
/* End PBXTargetDependency section */

/* Begin PBXVariantGroup section */
		C919518B1A25003B00EF8408 /* Main.storyboard */ = {
			isa = PBXVariantGroup;
			children = (
				C919518C1A25003B00EF8408 /* Base */,
			);
			name = Main.storyboard;
			sourceTree = "<group>";
		};
		C91951901A25003B00EF8408 /* LaunchScreen.xib */ = {
			isa = PBXVariantGroup;
			children = (
				C91951911A25003B00EF8408 /* Base */,
			);
			name = LaunchScreen.xib;
			sourceTree = "<group>";
		};
/* End PBXVariantGroup section */

/* Begin XCBuildConfiguration section */
		C919519F1A25003B00EF8408 /* Debug */ = {
			isa = XCBuildConfiguration;
			buildSettings = {
				ALWAYS_SEARCH_USER_PATHS = NO;
				CLANG_CXX_LANGUAGE_STANDARD = "gnu++0x";
				CLANG_CXX_LIBRARY = "libc++";
				CLANG_ENABLE_MODULES = YES;
				CLANG_ENABLE_OBJC_ARC = YES;
				CLANG_WARN_BOOL_CONVERSION = YES;
				CLANG_WARN_CONSTANT_CONVERSION = YES;
				CLANG_WARN_DIRECT_OBJC_ISA_USAGE = YES_ERROR;
				CLANG_WARN_EMPTY_BODY = YES;
				CLANG_WARN_ENUM_CONVERSION = YES;
				CLANG_WARN_INT_CONVERSION = YES;
				CLANG_WARN_OBJC_ROOT_CLASS = YES_ERROR;
				CLANG_WARN_UNREACHABLE_CODE = YES;
				CLANG_WARN__DUPLICATE_METHOD_MATCH = YES;
				"CODE_SIGN_IDENTITY[sdk=iphoneos*]" = "iPhone Developer";
				COPY_PHASE_STRIP = NO;
				ENABLE_STRICT_OBJC_MSGSEND = YES;
				GCC_C_LANGUAGE_STANDARD = gnu99;
				GCC_DYNAMIC_NO_PIC = NO;
				GCC_OPTIMIZATION_LEVEL = 0;
				GCC_PREPROCESSOR_DEFINITIONS = (
					"DEBUG=1",
					"$(inherited)",
				);
				GCC_SYMBOLS_PRIVATE_EXTERN = NO;
				GCC_WARN_64_TO_32_BIT_CONVERSION = YES;
				GCC_WARN_ABOUT_RETURN_TYPE = YES_ERROR;
				GCC_WARN_UNDECLARED_SELECTOR = YES;
				GCC_WARN_UNINITIALIZED_AUTOS = YES_AGGRESSIVE;
				GCC_WARN_UNUSED_FUNCTION = YES;
				GCC_WARN_UNUSED_VARIABLE = YES;
				IPHONEOS_DEPLOYMENT_TARGET = 8.1;
				MTL_ENABLE_DEBUG_INFO = YES;
				ONLY_ACTIVE_ARCH = YES;
				SDKROOT = iphoneos;
				SWIFT_OPTIMIZATION_LEVEL = "-Onone";
				TARGETED_DEVICE_FAMILY = "1,2";
			};
			name = Debug;
		};
		C91951A01A25003B00EF8408 /* Release */ = {
			isa = XCBuildConfiguration;
			buildSettings = {
				ALWAYS_SEARCH_USER_PATHS = NO;
				CLANG_CXX_LANGUAGE_STANDARD = "gnu++0x";
				CLANG_CXX_LIBRARY = "libc++";
				CLANG_ENABLE_MODULES = YES;
				CLANG_ENABLE_OBJC_ARC = YES;
				CLANG_WARN_BOOL_CONVERSION = YES;
				CLANG_WARN_CONSTANT_CONVERSION = YES;
				CLANG_WARN_DIRECT_OBJC_ISA_USAGE = YES_ERROR;
				CLANG_WARN_EMPTY_BODY = YES;
				CLANG_WARN_ENUM_CONVERSION = YES;
				CLANG_WARN_INT_CONVERSION = YES;
				CLANG_WARN_OBJC_ROOT_CLASS = YES_ERROR;
				CLANG_WARN_UNREACHABLE_CODE = YES;
				CLANG_WARN__DUPLICATE_METHOD_MATCH = YES;
				"CODE_SIGN_IDENTITY[sdk=iphoneos*]" = "iPhone Developer";
				COPY_PHASE_STRIP = YES;
				ENABLE_NS_ASSERTIONS = NO;
				ENABLE_STRICT_OBJC_MSGSEND = YES;
				GCC_C_LANGUAGE_STANDARD = gnu99;
				GCC_WARN_64_TO_32_BIT_CONVERSION = YES;
				GCC_WARN_ABOUT_RETURN_TYPE = YES_ERROR;
				GCC_WARN_UNDECLARED_SELECTOR = YES;
				GCC_WARN_UNINITIALIZED_AUTOS = YES_AGGRESSIVE;
				GCC_WARN_UNUSED_FUNCTION = YES;
				GCC_WARN_UNUSED_VARIABLE = YES;
				IPHONEOS_DEPLOYMENT_TARGET = 8.1;
				MTL_ENABLE_DEBUG_INFO = NO;
				SDKROOT = iphoneos;
				TARGETED_DEVICE_FAMILY = "1,2";
				VALIDATE_PRODUCT = YES;
			};
			name = Release;
		};
		C91951A21A25003B00EF8408 /* Debug */ = {
			isa = XCBuildConfiguration;
			buildSettings = {
				ASSETCATALOG_COMPILER_APPICON_NAME = AppIcon;
				INFOPLIST_FILE = LemonStand/Info.plist;
				LD_RUNPATH_SEARCH_PATHS = "$(inherited) @executable_path/Frameworks";
				PRODUCT_NAME = "$(TARGET_NAME)";
			};
			name = Debug;
		};
		C91951A31A25003B00EF8408 /* Release */ = {
			isa = XCBuildConfiguration;
			buildSettings = {
				ASSETCATALOG_COMPILER_APPICON_NAME = AppIcon;
				INFOPLIST_FILE = LemonStand/Info.plist;
				LD_RUNPATH_SEARCH_PATHS = "$(inherited) @executable_path/Frameworks";
				PRODUCT_NAME = "$(TARGET_NAME)";
			};
			name = Release;
		};
		C91951A51A25003B00EF8408 /* Debug */ = {
			isa = XCBuildConfiguration;
			buildSettings = {
				BUNDLE_LOADER = "$(TEST_HOST)";
				FRAMEWORK_SEARCH_PATHS = (
					"$(SDKROOT)/Developer/Library/Frameworks",
					"$(inherited)",
				);
				GCC_PREPROCESSOR_DEFINITIONS = (
					"DEBUG=1",
					"$(inherited)",
				);
				INFOPLIST_FILE = LemonStandTests/Info.plist;
				LD_RUNPATH_SEARCH_PATHS = "$(inherited) @executable_path/Frameworks @loader_path/Frameworks";
				PRODUCT_NAME = "$(TARGET_NAME)";
				TEST_HOST = "$(BUILT_PRODUCTS_DIR)/LemonStand.app/LemonStand";
			};
			name = Debug;
		};
		C91951A61A25003B00EF8408 /* Release */ = {
			isa = XCBuildConfiguration;
			buildSettings = {
				BUNDLE_LOADER = "$(TEST_HOST)";
				FRAMEWORK_SEARCH_PATHS = (
					"$(SDKROOT)/Developer/Library/Frameworks",
					"$(inherited)",
				);
				INFOPLIST_FILE = LemonStandTests/Info.plist;
				LD_RUNPATH_SEARCH_PATHS = "$(inherited) @executable_path/Frameworks @loader_path/Frameworks";
				PRODUCT_NAME = "$(TARGET_NAME)";
				TEST_HOST = "$(BUILT_PRODUCTS_DIR)/LemonStand.app/LemonStand";
			};
			name = Release;
		};
/* End XCBuildConfiguration section */

/* Begin XCConfigurationList section */
		C919517D1A25003B00EF8408 /* Build configuration list for PBXProject "LemonStand" */ = {
			isa = XCConfigurationList;
			buildConfigurations = (
				C919519F1A25003B00EF8408 /* Debug */,
				C91951A01A25003B00EF8408 /* Release */,
			);
			defaultConfigurationIsVisible = 0;
			defaultConfigurationName = Release;
		};
		C91951A11A25003B00EF8408 /* Build configuration list for PBXNativeTarget "LemonStand" */ = {
			isa = XCConfigurationList;
			buildConfigurations = (
				C91951A21A25003B00EF8408 /* Debug */,
				C91951A31A25003B00EF8408 /* Release */,
			);
			defaultConfigurationIsVisible = 0;
		};
		C91951A41A25003B00EF8408 /* Build configuration list for PBXNativeTarget "LemonStandTests" */ = {
			isa = XCConfigurationList;
			buildConfigurations = (
				C91951A51A25003B00EF8408 /* Debug */,
				C91951A61A25003B00EF8408 /* Release */,
			);
			defaultConfigurationIsVisible = 0;
		};
/* End XCConfigurationList section */
	};
	rootObject = C919517A1A25003B00EF8408 /* Project object */;
}
